
Microsoft Visual Studio Solution File, Format Version 12.00
# Visual Studio Version 16
VisualStudioVersion = 16.0.31624.102
MinimumVisualStudioVersion = 10.0.40219.1
Project("{9A19103F-16F7-4668-BE54-9A1E7A4F7556}") = "LogAnalysis", "LogAnalysis.csproj", "{1E3629C7-6517-40D4-8A57-415A3AD98FC5}"
EndProject
Global
	GlobalSection(SolutionConfigurationPlatforms) = preSolution
		Debug|Any CPU = Debug|Any CPU
		Release|Any CPU = Release|Any CPU
	EndGlobalSection
	GlobalSection(ProjectConfigurationPlatforms) = postSolution
		{1E3629C7-6517-40D4-8A57-415A3AD98FC5}.Debug|Any CPU.ActiveCfg = Debug|Any CPU
		{1E3629C7-6517-40D4-8A57-415A3AD98FC5}.Debug|Any CPU.Build.0 = Debug|Any CPU
		{1E3629C7-6517-40D4-8A57-415A3AD98FC5}.Release|Any CPU.ActiveCfg = Release|Any CPU
		{1E3629C7-6517-40D4-8A57-415A3AD98FC5}.Release|Any CPU.Build.0 = Release|Any CPU
	EndGlobalSection
	GlobalSection(SolutionProperties) = preSolution
		HideSolutionNode = FALSE
	EndGlobalSection
	GlobalSection(ExtensibilityGlobals) = postSolution
		SolutionGuid = {DA43CD87-87AC-4F42-BAF2-A1FDAA2B5D4E}
	EndGlobalSection
EndGlobal
